
Microsoft Visual Studio Solution File, Format Version 12.00
# Visual Studio Version 17
VisualStudioVersion = 17.2.32602.215
MinimumVisualStudioVersion = 10.0.40219.1
Project("{FAE04EC0-301F-11D3-BF4B-00C04F79EFBC}") = "Lab_14", "Lab_14\Lab_14.csproj", "{B0097E9C-F8BB-4F5B-9FF4-D4466D283F3A}"
EndProject
Global
	GlobalSection(SolutionConfigurationPlatforms) = preSolution
		Debug|Any CPU = Debug|Any CPU
		Release|Any CPU = Release|Any CPU
	EndGlobalSection
	GlobalSection(ProjectConfigurationPlatforms) = postSolution
		{B0097E9C-F8BB-4F5B-9FF4-D4466D283F3A}.Debug|Any CPU.ActiveCfg = Debug|Any CPU
		{B0097E9C-F8BB-4F5B-9FF4-D4466D283F3A}.Debug|Any CPU.Build.0 = Debug|Any CPU
		{B0097E9C-F8BB-4F5B-9FF4-D4466D283F3A}.Release|Any CPU.ActiveCfg = Release|Any CPU
		{B0097E9C-F8BB-4F5B-9FF4-D4466D283F3A}.Release|Any CPU.Build.0 = Release|Any CPU
	EndGlobalSection
	GlobalSection(SolutionProperties) = preSolution
		HideSolutionNode = FALSE
	EndGlobalSection
	GlobalSection(ExtensibilityGlobals) = postSolution
		SolutionGuid = {3B2131F1-EB55-4E7B-9107-6F3078A1A7FF}
	EndGlobalSection
EndGlobal
